// !$*UTF8*$!
{
	archiveVersion = 1;
	classes = {
	};
	objectVersion = 77;
	objects = {

/* Begin PBXContainerItemProxy section */
		8F8B80E92F49672F008A783D /* PBXContainerItemProxy */ = {
			isa = PBXContainerItemProxy;
			containerPortal = 8F8B80D02F49671F008A783D /* Project object */;
			proxyType = 1;
			remoteGlobalIDString = 8F8B80D72F49671F008A783D;
			remoteInfo = LinettesQuests;
		};
		8F8B80F32F49672F008A783D /* PBXContainerItemProxy */ = {
			isa = PBXContainerItemProxy;
			containerPortal = 8F8B80D02F49671F008A783D /* Project object */;
			proxyType = 1;
			remoteGlobalIDString = 8F8B80D72F49671F008A783D;
			remoteInfo = LinettesQuests;
		};
/* End PBXContainerItemProxy section */

/* Begin PBXFileReference section */
		8F8B80D82F49671F008A783D /* LinettesQuests.app */ = {isa = PBXFileReference; explicitFileType = wrapper.application; includeInIndex = 0; path = LinettesQuests.app; sourceTree = BUILT_PRODUCTS_DIR; };
		8F8B80E82F49672F008A783D /* LinettesQuestsTests.xctest */ = {isa = PBXFileReference; explicitFileType = wrapper.cfbundle; includeInIndex = 0; path = LinettesQuestsTests.xctest; sourceTree = BUILT_PRODUCTS_DIR; };
		8F8B80F22F49672F008A783D /* LinettesQuestsUITests.xctest */ = {isa = PBXFileReference; explicitFileType = wrapper.cfbundle; includeInIndex = 0; path = LinettesQuestsUITests.xctest; sourceTree = BUILT_PRODUCTS_DIR; };
/* End PBXFileReference section */

/* Begin PBXFileSystemSynchronizedRootGroup section */
		8F8B80DA2F49671F008A783D /* LinettesQuests */ = {
			isa = PBXFileSystemSynchronizedRootGroup;
			path = LinettesQuests;
			sourceTree = "<group>";
		};
		8F8B80EB2F49672F008A783D /* LinettesQuestsTests */ = {
			isa = PBXFileSystemSynchronizedRootGroup;
			path = LinettesQuestsTests;
			sourceTree = "<group>";
		};
		8F8B80F52F49672F008A783D /* LinettesQuestsUITests */ = {
			isa = PBXFileSystemSynchronizedRootGroup;
			path = LinettesQuestsUITests;
			sourceTree = "<group>";
		};
/* End PBXFileSystemSynchronizedRootGroup section */

/* Begin PBXFrameworksBuildPhase section */
		8F8B80D52F49671F008A783D /* Frameworks */ = {
			isa = PBXFrameworksBuildPhase;
			buildActionMask = 2147483647;
			files = (
			);
			runOnlyForDeploymentPostprocessing = 0;
		};
		8F8B80E52F49672F008A783D /* Frameworks */ = {
			isa = PBXFrameworksBuildPhase;
			buildActionMask = 2147483647;
			files = (
			);
			runOnlyForDeploymentPostprocessing = 0;
		};
		8F8B80EF2F49672F008A783D /* Frameworks */ = {
			isa = PBXFrameworksBuildPhase;
			buildActionMask = 2147483647;
			files = (
			);
			runOnlyForDeploymentPostprocessing = 0;
		};
/* End PBXFrameworksBuildPhase section */

/* Begin PBXGroup section */
		8F8B80CF2F49671F008A783D = {
			isa = PBXGroup;
			children = (
				8F8B80DA2F49671F008A783D /* LinettesQuests */,
				8F8B80EB2F49672F008A783D /* LinettesQuestsTests */,
				8F8B80F52F49672F008A783D /* LinettesQuestsUITests */,
				8F8B80D92F49671F008A783D /* Products */,
			);
			sourceTree = "<group>";
		};
		8F8B80D92F49671F008A783D /* Products */ = {
			isa = PBXGroup;
			children = (
				8F8B80D82F49671F008A783D /* LinettesQuests.app */,
				8F8B80E82F49672F008A783D /* LinettesQuestsTests.xctest */,
				8F8B80F22F49672F008A783D /* LinettesQuestsUITests.xctest */,
			);
			name = Products;
			sourceTree = "<group>";
		};
/* End PBXGroup section */

/* Begin PBXNativeTarget section */
		8F8B80D72F49671F008A783D /* LinettesQuests */ = {
			isa = PBXNativeTarget;
			buildConfigurationList = 8F8B80FC2F49672F008A783D /* Build configuration list for PBXNativeTarget "LinettesQuests" */;
			buildPhases = (
				8F8B80D42F49671F008A783D /* Sources */,
				8F8B80D52F49671F008A783D /* Frameworks */,
				8F8B80D62F49671F008A783D /* Resources */,
			);
			buildRules = (
			);
			dependencies = (
			);
			fileSystemSynchronizedGroups = (
				8F8B80DA2F49671F008A783D /* LinettesQuests */,
			);
			name = LinettesQuests;
			packageProductDependencies = (
			);
			productName = LinettesQuests;
			productReference = 8F8B80D82F49671F008A783D /* LinettesQuests.app */;
			productType = "com.apple.product-type.application";
		};
		8F8B80E72F49672F008A783D /* LinettesQuestsTests */ = {
			isa = PBXNativeTarget;
			buildConfigurationList = 8F8B80FF2F49672F008A783D /* Build configuration list for PBXNativeTarget "LinettesQuestsTests" */;
			buildPhases = (
				8F8B80E42F49672F008A783D /* Sources */,
				8F8B80E52F49672F008A783D /* Frameworks */,
				8F8B80E62F49672F008A783D /* Resources */,
			);
			buildRules = (
			);
			dependencies = (
				8F8B80EA2F49672F008A783D /* PBXTargetDependency */,
			);
			fileSystemSynchronizedGroups = (
				8F8B80EB2F49672F008A783D /* LinettesQuestsTests */,
			);
			name = LinettesQuestsTests;
			packageProductDependencies = (
			);
			productName = LinettesQuestsTests;
			productReference = 8F8B80E82F49672F008A783D /* LinettesQuestsTests.xctest */;
			productType = "com.apple.product-type.bundle.unit-test";
		};
		8F8B80F12F49672F008A783D /* LinettesQuestsUITests */ = {
			isa = PBXNativeTarget;
			buildConfigurationList = 8F8B81022F49672F008A783D /* Build configuration list for PBXNativeTarget "LinettesQuestsUITests" */;
			buildPhases = (
				8F8B80EE2F49672F008A783D /* Sources */,
				8F8B80EF2F49672F008A783D /* Frameworks */,
				8F8B80F02F49672F008A783D /* Resources */,
			);
			buildRules = (
			);
			dependencies = (
				8F8B80F42F49672F008A783D /* PBXTargetDependency */,
			);
			fileSystemSynchronizedGroups = (
				8F8B80F52F49672F008A783D /* LinettesQuestsUITests */,
			);
			name = LinettesQuestsUITests;
			packageProductDependencies = (
			);
			productName = LinettesQuestsUITests;
			productReference = 8F8B80F22F49672F008A783D /* LinettesQuestsUITests.xctest */;
			productType = "com.apple.product-type.bundle.ui-testing";
		};
/* End PBXNativeTarget section */

/* Begin PBXProject section */
		8F8B80D02F49671F008A783D /* Project object */ = {
			isa = PBXProject;
			attributes = {
				BuildIndependentTargetsInParallel = 1;
				LastSwiftUpdateCheck = 1620;
				LastUpgradeCheck = 1620;
				TargetAttributes = {
					8F8B80D72F49671F008A783D = {
						CreatedOnToolsVersion = 16.2;
					};
					8F8B80E72F49672F008A783D = {
						CreatedOnToolsVersion = 16.2;
						TestTargetID = 8F8B80D72F49671F008A783D;
					};
					8F8B80F12F49672F008A783D = {
						CreatedOnToolsVersion = 16.2;
						TestTargetID = 8F8B80D72F49671F008A783D;
					};
				};
			};
			buildConfigurationList = 8F8B80D32F49671F008A783D /* Build configuration list for PBXProject "LinettesQuests" */;
			developmentRegion = en;
			hasScannedForEncodings = 0;
			knownRegions = (
				en,
				Base,
			);
			mainGroup = 8F8B80CF2F49671F008A783D;
			minimizedProjectReferenceProxies = 1;
			preferredProjectObjectVersion = 77;
			productRefGroup = 8F8B80D92F49671F008A783D /* Products */;
			projectDirPath = "";
			projectRoot = "";
			targets = (
				8F8B80D72F49671F008A783D /* LinettesQuests */,
				8F8B80E72F49672F008A783D /* LinettesQuestsTests */,
				8F8B80F12F49672F008A783D /* LinettesQuestsUITests */,
			);
		};
/* End PBXProject section */

/* Begin PBXResourcesBuildPhase section */
		8F8B80D62F49671F008A783D /* Resources */ = {
			isa = PBXResourcesBuildPhase;
			buildActionMask = 2147483647;
			files = (
			);
			runOnlyForDeploymentPostprocessing = 0;
		};
		8F8B80E62F49672F008A783D /* Resources */ = {
			isa = PBXResourcesBuildPhase;
			buildActionMask = 2147483647;
			files = (
			);
			runOnlyForDeploymentPostprocessing = 0;
		};
		8F8B80F02F49672F008A783D /* Resources */ = {
			isa = PBXResourcesBuildPhase;
			buildActionMask = 2147483647;
			files = (
			);
			runOnlyForDeploymentPostprocessing = 0;
		};
/* End PBXResourcesBuildPhase section */

/* Begin PBXSourcesBuildPhase section */
		8F8B80D42F49671F008A783D /* Sources */ = {
			isa = PBXSourcesBuildPhase;
			buildActionMask = 2147483647;
			files = (
			);
			runOnlyForDeploymentPostprocessing = 0;
		};
		8F8B80E42F49672F008A783D /* Sources */ = {
			isa = PBXSourcesBuildPhase;
			buildActionMask = 2147483647;
			files = (
			);
			runOnlyForDeploymentPostprocessing = 0;
		};
		8F8B80EE2F49672F008A783D /* Sources */ = {
			isa = PBXSourcesBuildPhase;
			buildActionMask = 2147483647;
			files = (
			);
			runOnlyForDeploymentPostprocessing = 0;
		};
/* End PBXSourcesBuildPhase section */

/* Begin PBXTargetDependency section */
		8F8B80EA2F49672F008A783D /* PBXTargetDependency */ = {
			isa = PBXTargetDependency;
			target = 8F8B80D72F49671F008A783D /* LinettesQuests */;
			targetProxy = 8F8B80E92F49672F008A783D /* PBXContainerItemProxy */;
		};
		8F8B80F42F49672F008A783D /* PBXTargetDependency */ = {
			isa = PBXTargetDependency;
			target = 8F8B80D72F49671F008A783D /* LinettesQuests */;
			targetProxy = 8F8B80F32F49672F008A783D /* PBXContainerItemProxy */;
		};
/* End PBXTargetDependency section */

/* Begin XCBuildConfiguration section */
		8F8B80FA2F49672F008A783D /* Debug */ = {
			isa = XCBuildConfiguration;
			buildSettings = {
				ALWAYS_SEARCH_USER_PATHS = NO;
				ASSETCATALOG_COMPILER_GENERATE_SWIFT_ASSET_SYMBOL_EXTENSIONS = YES;
				CLANG_ANALYZER_NONNULL = YES;
				CLANG_ANALYZER_NUMBER_OBJECT_CONVERSION = YES_AGGRESSIVE;
				CLANG_CXX_LANGUAGE_STANDARD = "gnu++20";
				CLANG_ENABLE_MODULES = YES;
				CLANG_ENABLE_OBJC_ARC = YES;
				CLANG_ENABLE_OBJC_WEAK = YES;
				CLANG_WARN_BLOCK_CAPTURE_AUTORELEASING = YES;
				CLANG_WARN_BOOL_CONVERSION = YES;
				CLANG_WARN_COMMA = YES;
				CLANG_WARN_CONSTANT_CONVERSION = YES;
				CLANG_WARN_DEPRECATED_OBJC_IMPLEMENTATIONS = YES;
				CLANG_WARN_DIRECT_OBJC_ISA_USAGE = YES_ERROR;
				CLANG_WARN_DOCUMENTATION_COMMENTS = YES;
				CLANG_WARN_EMPTY_BODY = YES;
				CLANG_WARN_ENUM_CONVERSION = YES;
				CLANG_WARN_INFINITE_RECURSION = YES;
				CLANG_WARN_INT_CONVERSION = YES;
				CLANG_WARN_NON_LITERAL_NULL_CONVERSION = YES;
				CLANG_WARN_OBJC_IMPLICIT_RETAIN_SELF = YES;
				CLANG_WARN_OBJC_LITERAL_CONVERSION = YES;
				CLANG_WARN_OBJC_ROOT_CLASS = YES_ERROR;
				CLANG_WARN_QUOTED_INCLUDE_IN_FRAMEWORK_HEADER = YES;
				CLANG_WARN_RANGE_LOOP_ANALYSIS = YES;
				CLANG_WARN_STRICT_PROTOTYPES = YES;
				CLANG_WARN_SUSPICIOUS_MOVE = YES;
				CLANG_WARN_UNGUARDED_AVAILABILITY = YES_AGGRESSIVE;
				CLANG_WARN_UNREACHABLE_CODE = YES;
				CLANG_WARN__DUPLICATE_METHOD_MATCH = YES;
				COPY_PHASE_STRIP = NO;
				DEBUG_INFORMATION_FORMAT = dwarf;
				ENABLE_STRICT_OBJC_MSGSEND = YES;
				ENABLE_TESTABILITY = YES;
				ENABLE_USER_SCRIPT_SANDBOXING = YES;
				GCC_C_LANGUAGE_STANDARD = gnu17;
				GCC_DYNAMIC_NO_PIC = NO;
				GCC_NO_COMMON_BLOCKS = YES;
				GCC_OPTIMIZATION_LEVEL = 0;
				GCC_PREPROCESSOR_DEFINITIONS = (
					"DEBUG=1",
					"$(inherited)",
				);
				GCC_WARN_64_TO_32_BIT_CONVERSION = YES;
				GCC_WARN_ABOUT_RETURN_TYPE = YES_ERROR;
				GCC_WARN_UNDECLARED_SELECTOR = YES;
				GCC_WARN_UNINITIALIZED_AUTOS = YES_AGGRESSIVE;
				GCC_WARN_UNUSED_FUNCTION = YES;
				GCC_WARN_UNUSED_VARIABLE = YES;
				IPHONEOS_DEPLOYMENT_TARGET = 18.2;
				LOCALIZATION_PREFERS_STRING_CATALOGS = YES;
				MTL_ENABLE_DEBUG_INFO = INCLUDE_SOURCE;
				MTL_FAST_MATH = YES;
				ONLY_ACTIVE_ARCH = YES;
				SDKROOT = iphoneos;
				SWIFT_ACTIVE_COMPILATION_CONDITIONS = "DEBUG $(inherited)";
				SWIFT_OPTIMIZATION_LEVEL = "-Onone";
			};
			name = Debug;
		};
		8F8B80FB2F49672F008A783D /* Release */ = {
			isa = XCBuildConfiguration;
			buildSettings = {
				ALWAYS_SEARCH_USER_PATHS = NO;
				ASSETCATALOG_COMPILER_GENERATE_SWIFT_ASSET_SYMBOL_EXTENSIONS = YES;
				CLANG_ANALYZER_NONNULL = YES;
				CLANG_ANALYZER_NUMBER_OBJECT_CONVERSION = YES_AGGRESSIVE;
				CLANG_CXX_LANGUAGE_STANDARD = "gnu++20";
				CLANG_ENABLE_MODULES = YES;
				CLANG_ENABLE_OBJC_ARC = YES;
				CLANG_ENABLE_OBJC_WEAK = YES;
				CLANG_WARN_BLOCK_CAPTURE_AUTORELEASING = YES;
				CLANG_WARN_BOOL_CONVERSION = YES;
				CLANG_WARN_COMMA = YES;
				CLANG_WARN_CONSTANT_CONVERSION = YES;
				CLANG_WARN_DEPRECATED_OBJC_IMPLEMENTATIONS = YES;
				CLANG_WARN_DIRECT_OBJC_ISA_USAGE = YES_ERROR;
				CLANG_WARN_DOCUMENTATION_COMMENTS = YES;
				CLANG_WARN_EMPTY_BODY = YES;
				CLANG_WARN_ENUM_CONVERSION = YES;
				CLANG_WARN_INFINITE_RECURSION = YES;
				CLANG_WARN_INT_CONVERSION = YES;
				CLANG_WARN_NON_LITERAL_NULL_CONVERSION = YES;
				CLANG_WARN_OBJC_IMPLICIT_RETAIN_SELF = YES;
				CLANG_WARN_OBJC_LITERAL_CONVERSION = YES;
				CLANG_WARN_OBJC_ROOT_CLASS = YES_ERROR;
				CLANG_WARN_QUOTED_INCLUDE_IN_FRAMEWORK_HEADER = YES;
				CLANG_WARN_RANGE_LOOP_ANALYSIS = YES;
				CLANG_WARN_STRICT_PROTOTYPES = YES;
				CLANG_WARN_SUSPICIOUS_MOVE = YES;
				CLANG_WARN_UNGUARDED_AVAILABILITY = YES_AGGRESSIVE;
				CLANG_WARN_UNREACHABLE_CODE = YES;
				CLANG_WARN__DUPLICATE_METHOD_MATCH = YES;
				COPY_PHASE_STRIP = NO;
				DEBUG_INFORMATION_FORMAT = "dwarf-with-dsym";
				ENABLE_NS_ASSERTIONS = NO;
				ENABLE_STRICT_OBJC_MSGSEND = YES;
				ENABLE_USER_SCRIPT_SANDBOXING = YES;
				GCC_C_LANGUAGE_STANDARD = gnu17;
				GCC_NO_COMMON_BLOCKS = YES;
				GCC_WARN_64_TO_32_BIT_CONVERSION = YES;
				GCC_WARN_ABOUT_RETURN_TYPE = YES_ERROR;
				GCC_WARN_UNDECLARED_SELECTOR = YES;
				GCC_WARN_UNINITIALIZED_AUTOS = YES_AGGRESSIVE;
				GCC_WARN_UNUSED_FUNCTION = YES;
				GCC_WARN_UNUSED_VARIABLE = YES;
				IPHONEOS_DEPLOYMENT_TARGET = 18.2;
				LOCALIZATION_PREFERS_STRING_CATALOGS = YES;
				MTL_ENABLE_DEBUG_INFO = NO;
				MTL_FAST_MATH = YES;
				SDKROOT = iphoneos;
				SWIFT_COMPILATION_MODE = wholemodule;
				VALIDATE_PRODUCT = YES;
			};
			name = Release;
		};
		8F8B80FD2F49672F008A783D /* Debug */ = {
			isa = XCBuildConfiguration;
			buildSettings = {
				ASSETCATALOG_COMPILER_APPICON_NAME = AppIcon;
				ASSETCATALOG_COMPILER_GLOBAL_ACCENT_COLOR_NAME = AccentColor;
				CODE_SIGN_STYLE = Automatic;
				CURRENT_PROJECT_VERSION = 1;
				DEVELOPMENT_ASSET_PATHS = "\"LinettesQuests/Preview Content\"";
				DEVELOPMENT_TEAM = 4G43MY7X8U;
				ENABLE_PREVIEWS = YES;
				GENERATE_INFOPLIST_FILE = YES;
				INFOPLIST_KEY_UIApplicationSceneManifest_Generation = YES;
				INFOPLIST_KEY_UIApplicationSupportsIndirectInputEvents = YES;
				INFOPLIST_KEY_UILaunchScreen_Generation = YES;
				INFOPLIST_KEY_UISupportedInterfaceOrientations_iPad = "UIInterfaceOrientationPortrait UIInterfaceOrientationPortraitUpsideDown UIInterfaceOrientationLandscapeLeft UIInterfaceOrientationLandscapeRight";
				INFOPLIST_KEY_UISupportedInterfaceOrientations_iPhone = "UIInterfaceOrientationPortrait UIInterfaceOrientationLandscapeLeft UIInterfaceOrientationLandscapeRight";
				IPHONEOS_DEPLOYMENT_TARGET = 15.6;
				LD_RUNPATH_SEARCH_PATHS = (
					"$(inherited)",
					"@executable_path/Frameworks",
				);
				MARKETING_VERSION = 1.0;
				PRODUCT_BUNDLE_IDENTIFIER = "tasfia-ara.LinettesQuests";
				PRODUCT_NAME = "$(TARGET_NAME)";
				SWIFT_EMIT_LOC_STRINGS = YES;
				SWIFT_VERSION = 5.0;
				TARGETED_DEVICE_FAMILY = "1,2";
			};
			name = Debug;
		};
		8F8B80FE2F49672F008A783D /* Release */ = {
			isa = XCBuildConfiguration;
			buildSettings = {
				ASSETCATALOG_COMPILER_APPICON_NAME = AppIcon;
				ASSETCATALOG_COMPILER_GLOBAL_ACCENT_COLOR_NAME = AccentColor;
				CODE_SIGN_STYLE = Automatic;
				CURRENT_PROJECT_VERSION = 1;
				DEVELOPMENT_ASSET_PATHS = "\"LinettesQuests/Preview Content\"";
				DEVELOPMENT_TEAM = 4G43MY7X8U;
				ENABLE_PREVIEWS = YES;
				GENERATE_INFOPLIST_FILE = YES;
				INFOPLIST_KEY_UIApplicationSceneManifest_Generation = YES;
				INFOPLIST_KEY_UIApplicationSupportsIndirectInputEvents = YES;
				INFOPLIST_KEY_UILaunchScreen_Generation = YES;
				INFOPLIST_KEY_UISupportedInterfaceOrientations_iPad = "UIInterfaceOrientationPortrait UIInterfaceOrientationPortraitUpsideDown UIInterfaceOrientationLandscapeLeft UIInterfaceOrientationLandscapeRight";
				INFOPLIST_KEY_UISupportedInterfaceOrientations_iPhone = "UIInterfaceOrientationPortrait UIInterfaceOrientationLandscapeLeft UIInterfaceOrientationLandscapeRight";
				IPHONEOS_DEPLOYMENT_TARGET = 15.6;
				LD_RUNPATH_SEARCH_PATHS = (
					"$(inherited)",
					"@executable_path/Frameworks",
				);
				MARKETING_VERSION = 1.0;
				PRODUCT_BUNDLE_IDENTIFIER = "tasfia-ara.LinettesQuests";
				PRODUCT_NAME = "$(TARGET_NAME)";
				SWIFT_EMIT_LOC_STRINGS = YES;
				SWIFT_VERSION = 5.0;
				TARGETED_DEVICE_FAMILY = "1,2";
			};
			name = Release;
		};
		8F8B81002F49672F008A783D /* Debug */ = {
			isa = XCBuildConfiguration;
			buildSettings = {
				BUNDLE_LOADER = "$(TEST_HOST)";
				CODE_SIGN_STYLE = Automatic;
				CURRENT_PROJECT_VERSION = 1;
				DEVELOPMENT_TEAM = 4G43MY7X8U;
				GENERATE_INFOPLIST_FILE = YES;
				IPHONEOS_DEPLOYMENT_TARGET = 18.2;
				MARKETING_VERSION = 1.0;
				PRODUCT_BUNDLE_IDENTIFIER = "tasfia-ara.LinettesQuestsTests";
				PRODUCT_NAME = "$(TARGET_NAME)";
				SWIFT_EMIT_LOC_STRINGS = NO;
				SWIFT_VERSION = 5.0;
				TARGETED_DEVICE_FAMILY = "1,2";
				TEST_HOST = "$(BUILT_PRODUCTS_DIR)/LinettesQuests.app/$(BUNDLE_EXECUTABLE_FOLDER_PATH)/LinettesQuests";
			};
			name = Debug;
		};
		8F8B81012F49672F008A783D /* Release */ = {
			isa = XCBuildConfiguration;
			buildSettings = {
				BUNDLE_LOADER = "$(TEST_HOST)";
				CODE_SIGN_STYLE = Automatic;
				CURRENT_PROJECT_VERSION = 1;
				DEVELOPMENT_TEAM = 4G43MY7X8U;
				GENERATE_INFOPLIST_FILE = YES;
				IPHONEOS_DEPLOYMENT_TARGET = 18.2;
				MARKETING_VERSION = 1.0;
				PRODUCT_BUNDLE_IDENTIFIER = "tasfia-ara.LinettesQuestsTests";
				PRODUCT_NAME = "$(TARGET_NAME)";
				SWIFT_EMIT_LOC_STRINGS = NO;
				SWIFT_VERSION = 5.0;
				TARGETED_DEVICE_FAMILY = "1,2";
				TEST_HOST = "$(BUILT_PRODUCTS_DIR)/LinettesQuests.app/$(BUNDLE_EXECUTABLE_FOLDER_PATH)/LinettesQuests";
			};
			name = Release;
		};
		8F8B81032F49672F008A783D /* Debug */ = {
			isa = XCBuildConfiguration;
			buildSettings = {
				CODE_SIGN_STYLE = Automatic;
				CURRENT_PROJECT_VERSION = 1;
				DEVELOPMENT_TEAM = 4G43MY7X8U;
				GENERATE_INFOPLIST_FILE = YES;
				MARKETING_VERSION = 1.0;
				PRODUCT_BUNDLE_IDENTIFIER = "tasfia-ara.LinettesQuestsUITests";
				PRODUCT_NAME = "$(TARGET_NAME)";
				SWIFT_EMIT_LOC_STRINGS = NO;
				SWIFT_VERSION = 5.0;
				TARGETED_DEVICE_FAMILY = "1,2";
				TEST_TARGET_NAME = LinettesQuests;
			};
			name = Debug;
		};
		8F8B81042F49672F008A783D /* Release */ = {
			isa = XCBuildConfiguration;
			buildSettings = {
				CODE_SIGN_STYLE = Automatic;
				CURRENT_PROJECT_VERSION = 1;
				DEVELOPMENT_TEAM = 4G43MY7X8U;
				GENERATE_INFOPLIST_FILE = YES;
				MARKETING_VERSION = 1.0;
				PRODUCT_BUNDLE_IDENTIFIER = "tasfia-ara.LinettesQuestsUITests";
				PRODUCT_NAME = "$(TARGET_NAME)";
				SWIFT_EMIT_LOC_STRINGS = NO;
				SWIFT_VERSION = 5.0;
				TARGETED_DEVICE_FAMILY = "1,2";
				TEST_TARGET_NAME = LinettesQuests;
			};
			name = Release;
		};
/* End XCBuildConfiguration section */

/* Begin XCConfigurationList section */
		8F8B80D32F49671F008A783D /* Build configuration list for PBXProject "LinettesQuests" */ = {
			isa = XCConfigurationList;
			buildConfigurations = (
				8F8B80FA2F49672F008A783D /* Debug */,
				8F8B80FB2F49672F008A783D /* Release */,
			);
			defaultConfigurationIsVisible = 0;
			defaultConfigurationName = Release;
		};
		8F8B80FC2F49672F008A783D /* Build configuration list for PBXNativeTarget "LinettesQuests" */ = {
			isa = XCConfigurationList;
			buildConfigurations = (
				8F8B80FD2F49672F008A783D /* Debug */,
				8F8B80FE2F49672F008A783D /* Release */,
			);
			defaultConfigurationIsVisible = 0;
			defaultConfigurationName = Release;
		};
		8F8B80FF2F49672F008A783D /* Build configuration list for PBXNativeTarget "LinettesQuestsTests" */ = {
			isa = XCConfigurationList;
			buildConfigurations = (
				8F8B81002F49672F008A783D /* Debug */,
				8F8B81012F49672F008A783D /* Release */,
			);
			defaultConfigurationIsVisible = 0;
			defaultConfigurationName = Release;
		};
		8F8B81022F49672F008A783D /* Build configuration list for PBXNativeTarget "LinettesQuestsUITests" */ = {
			isa = XCConfigurationList;
			buildConfigurations = (
				8F8B81032F49672F008A783D /* Debug */,
				8F8B81042F49672F008A783D /* Release */,
			);
			defaultConfigurationIsVisible = 0;
			defaultConfigurationName = Release;
		};
/* End XCConfigurationList section */
	};
	rootObject = 8F8B80D02F49671F008A783D /* Project object */;
}
